
Microsoft Visual Studio Solution File, Format Version 12.00
# Visual Studio 15
VisualStudioVersion = 15.0.26430.6
MinimumVisualStudioVersion = 10.0.40219.1
Project("{9A19103F-16F7-4668-BE54-9A1E7A4F7556}") = "Guard", "src\Guard.csproj", "{FEB0B28D-463E-4725-9BC7-4686CA1E3B28}"
EndProject
Project("{FAE04EC0-301F-11D3-BF4B-00C04F79EFBC}") = "Guard.Test.Unit", "test\Guard.Test.Unit.csproj", "{FC48D1EF-E89F-42B7-AF02-00EEF1CDCD37}"
EndProject
Global
	GlobalSection(SolutionConfigurationPlatforms) = preSolution
		Debug|Any CPU = Debug|Any CPU
		Release|Any CPU = Release|Any CPU
	EndGlobalSection
	GlobalSection(ProjectConfigurationPlatforms) = postSolution
		{FEB0B28D-463E-4725-9BC7-4686CA1E3B28}.Debug|Any CPU.ActiveCfg = Debug|Any CPU
		{FEB0B28D-463E-4725-9BC7-4686CA1E3B28}.Debug|Any CPU.Build.0 = Debug|Any CPU
		{FEB0B28D-463E-4725-9BC7-4686CA1E3B28}.Release|Any CPU.ActiveCfg = Release|Any CPU
		{FEB0B28D-463E-4725-9BC7-4686CA1E3B28}.Release|Any CPU.Build.0 = Release|Any CPU
		{FC48D1EF-E89F-42B7-AF02-00EEF1CDCD37}.Debug|Any CPU.ActiveCfg = Debug|Any CPU
		{FC48D1EF-E89F-42B7-AF02-00EEF1CDCD37}.Debug|Any CPU.Build.0 = Debug|Any CPU
		{FC48D1EF-E89F-42B7-AF02-00EEF1CDCD37}.Release|Any CPU.ActiveCfg = Release|Any CPU
		{FC48D1EF-E89F-42B7-AF02-00EEF1CDCD37}.Release|Any CPU.Build.0 = Release|Any CPU
	EndGlobalSection
	GlobalSection(SolutionProperties) = preSolution
		HideSolutionNode = FALSE
	EndGlobalSection
EndGlobal
